
Microsoft Visual Studio Solution File, Format Version 12.00
# Visual Studio Version 17
VisualStudioVersion = 17.11.35327.3
MinimumVisualStudioVersion = 10.0.40219.1
Project("{8BC9CEB8-8B4A-11D0-8D11-00A0C91BC942}") = "01_SimpleVectorADD", "01_SimpleVectorADD\01_SimpleVectorADD.vcxproj", "{56300AAA-EF2F-46C6-A1FD-DAE0ECCDA52C}"
EndProject
Global
	GlobalSection(SolutionConfigurationPlatforms) = preSolution
		Debug|x64 = Debug|x64
		Release|x64 = Release|x64
	EndGlobalSection
	GlobalSection(ProjectConfigurationPlatforms) = postSolution
		{56300AAA-EF2F-46C6-A1FD-DAE0ECCDA52C}.Debug|x64.ActiveCfg = Debug|x64
		{56300AAA-EF2F-46C6-A1FD-DAE0ECCDA52C}.Debug|x64.Build.0 = Debug|x64
		{56300AAA-EF2F-46C6-A1FD-DAE0ECCDA52C}.Release|x64.ActiveCfg = Release|x64
		{56300AAA-EF2F-46C6-A1FD-DAE0ECCDA52C}.Release|x64.Build.0 = Release|x64
	EndGlobalSection
	GlobalSection(SolutionProperties) = preSolution
		HideSolutionNode = FALSE
	EndGlobalSection
	GlobalSection(ExtensibilityGlobals) = postSolution
		SolutionGuid = {31C291EF-112D-4DF6-8D37-4E1C1FFA79D7}
	EndGlobalSection
EndGlobal
